%{
  "base64url": {:hex, :base64url, "0.0.1", "36a90125f5948e3afd7be97662a1504b934dd5dac78451ca6e9abf85a10286be", [:rebar], [], "hexpm"},
  "jason": {:hex, :jason, "1.1.2", "b03dedea67a99223a2eaf9f1264ce37154564de899fd3d8b9a21b1a6fd64afe7", [:mix], [{:decimal, "~> 1.0", [hex: :decimal, repo: "hexpm", optional: true]}], "hexpm"},
  "joken": {:hex, :joken, "2.0.1", "ec9ab31bf660f343380da033b3316855197c8d4c6ef597fa3fcb451b326beb14", [:mix], [{:jose, "~> 1.9", [hex: :jose, repo: "hexpm", optional: false]}], "hexpm"},
  "jose": {:hex, :jose, "1.9.0", "4167c5f6d06ffaebffd15cdb8da61a108445ef5e85ab8f5a7ad926fdf3ada154", [:mix, :rebar3], [{:base64url, "~> 0.0.1", [hex: :base64url, repo: "hexpm", optional: false]}], "hexpm"},
  "mogrify": {:hex, :mogrify, "0.7.2", "4d00b60288e338028e2af4cccff9b0da365d83b7e5da52e58fb2de513ef5fedd", [:mix], [], "hexpm"},
  "yajwt": {:hex, :yajwt, "1.2.0", "83035d93f0801b375ceaa13600b9d93046430cc2bc07cff5317c8d7987957845", [:mix], [{:jason, "~> 1.0", [hex: :jason, repo: "hexpm", optional: false]}], "hexpm"},
}
